
Microsoft Visual Studio Solution File, Format Version 12.00
# Visual Studio Version 17
VisualStudioVersion = 17.7.34018.315
MinimumVisualStudioVersion = 10.0.40219.1
Project("{FAE04EC0-301F-11D3-BF4B-00C04F79EFBC}") = "UPC.Fundamentos.Console", "UPC.Fundamentos.Console\UPC.Fundamentos.Console.csproj", "{3037676B-85DC-4E6A-AD2E-EF5A73011C5C}"
EndProject
Global
	GlobalSection(SolutionConfigurationPlatforms) = preSolution
		Debug|Any CPU = Debug|Any CPU
		Release|Any CPU = Release|Any CPU
	EndGlobalSection
	GlobalSection(ProjectConfigurationPlatforms) = postSolution
		{3037676B-85DC-4E6A-AD2E-EF5A73011C5C}.Debug|Any CPU.ActiveCfg = Debug|Any CPU
		{3037676B-85DC-4E6A-AD2E-EF5A73011C5C}.Debug|Any CPU.Build.0 = Debug|Any CPU
		{3037676B-85DC-4E6A-AD2E-EF5A73011C5C}.Release|Any CPU.ActiveCfg = Release|Any CPU
		{3037676B-85DC-4E6A-AD2E-EF5A73011C5C}.Release|Any CPU.Build.0 = Release|Any CPU
	EndGlobalSection
	GlobalSection(SolutionProperties) = preSolution
		HideSolutionNode = FALSE
	EndGlobalSection
	GlobalSection(ExtensibilityGlobals) = postSolution
		SolutionGuid = {61D2AB0D-9C3A-4311-BCC4-9C61519EA727}
	EndGlobalSection
EndGlobal
